
Microsoft Visual Studio Solution File, Format Version 12.00
# Visual Studio Version 17
VisualStudioVersion = 17.12.35527.113 d17.12
MinimumVisualStudioVersion = 10.0.40219.1
Project("{FAE04EC0-301F-11D3-BF4B-00C04F79EFBC}") = "SIMDIntCompression", "SIMDIntCompression\SIMDIntCompression.csproj", "{A8E35C66-D84D-4F8F-B472-B9605DE5744D}"
EndProject
Project("{FAE04EC0-301F-11D3-BF4B-00C04F79EFBC}") = "Example", "Example\Example.csproj", "{5B179C1A-7AF5-4447-8ADF-F0A9D43234DF}"
EndProject
Global
	GlobalSection(SolutionConfigurationPlatforms) = preSolution
		Debug|Any CPU = Debug|Any CPU
		Release|Any CPU = Release|Any CPU
	EndGlobalSection
	GlobalSection(ProjectConfigurationPlatforms) = postSolution
		{A8E35C66-D84D-4F8F-B472-B9605DE5744D}.Debug|Any CPU.ActiveCfg = Debug|Any CPU
		{A8E35C66-D84D-4F8F-B472-B9605DE5744D}.Debug|Any CPU.Build.0 = Debug|Any CPU
		{A8E35C66-D84D-4F8F-B472-B9605DE5744D}.Release|Any CPU.ActiveCfg = Release|Any CPU
		{A8E35C66-D84D-4F8F-B472-B9605DE5744D}.Release|Any CPU.Build.0 = Release|Any CPU
		{5B179C1A-7AF5-4447-8ADF-F0A9D43234DF}.Debug|Any CPU.ActiveCfg = Debug|Any CPU
		{5B179C1A-7AF5-4447-8ADF-F0A9D43234DF}.Debug|Any CPU.Build.0 = Debug|Any CPU
		{5B179C1A-7AF5-4447-8ADF-F0A9D43234DF}.Release|Any CPU.ActiveCfg = Release|Any CPU
		{5B179C1A-7AF5-4447-8ADF-F0A9D43234DF}.Release|Any CPU.Build.0 = Release|Any CPU
	EndGlobalSection
	GlobalSection(SolutionProperties) = preSolution
		HideSolutionNode = FALSE
	EndGlobalSection
EndGlobal
